# THIS IS AN AUTOGENERATED FILE. DO NOT EDIT THIS FILE DIRECTLY.
# yarn lockfile v1


"@types/node@^10.5.3":
  version "10.5.3"
  resolved "https://registry.yarnpkg.com/@types/node/-/node-10.5.3.tgz#5bcfaf088ad17894232012877669634c06b20cc5"

typescript@^2.9.2:
  version "2.9.2"
  resolved "https://registry.yarnpkg.com/typescript/-/typescript-2.9.2.tgz#1cbf61d05d6b96269244eb6a3bce4bd914e0f00c"
